// !$*UTF8*$!
{
	archiveVersion = 1;
	classes = {
	};
	objectVersion = 51;
	objects = {

/* Begin PBXBuildFile section */
		A118F6A180F04F70A35FDA7F /* Pods_Animations.framework in Frameworks */ = {isa = PBXBuildFile; fileRef = 3B63C92D8E650075E2F7B359 /* Pods_Animations.framework */; };
		F842E16825EA97840032CB11 /* AppDelegate.swift in Sources */ = {isa = PBXBuildFile; fileRef = F842E16725EA97840032CB11 /* AppDelegate.swift */; };
		F842E16A25EA97840032CB11 /* SceneDelegate.swift in Sources */ = {isa = PBXBuildFile; fileRef = F842E16925EA97840032CB11 /* SceneDelegate.swift */; };
		F842E16C25EA97840032CB11 /* ViewController.swift in Sources */ = {isa = PBXBuildFile; fileRef = F842E16B25EA97840032CB11 /* ViewController.swift */; };
		F842E16F25EA97840032CB11 /* Main.storyboard in Resources */ = {isa = PBXBuildFile; fileRef = F842E16D25EA97840032CB11 /* Main.storyboard */; };
		F842E17125EA97850032CB11 /* Assets.xcassets in Resources */ = {isa = PBXBuildFile; fileRef = F842E17025EA97850032CB11 /* Assets.xcassets */; };
		F842E17425EA97850032CB11 /* LaunchScreen.storyboard in Resources */ = {isa = PBXBuildFile; fileRef = F842E17225EA97850032CB11 /* LaunchScreen.storyboard */; };
		F84B62482A06660700025D76 /* Animation.swift in Sources */ = {isa = PBXBuildFile; fileRef = F84B62472A06660700025D76 /* Animation.swift */; };
		F84B624A2A0666DC00025D76 /* DataManager.swift in Sources */ = {isa = PBXBuildFile; fileRef = F84B62492A0666DC00025D76 /* DataManager.swift */; };
/* End PBXBuildFile section */

/* Begin PBXFileReference section */
		2F46FCBA0A8235FAB6316BCE /* Pods-Animations.release.xcconfig */ = {isa = PBXFileReference; includeInIndex = 1; lastKnownFileType = text.xcconfig; name = "Pods-Animations.release.xcconfig"; path = "Target Support Files/Pods-Animations/Pods-Animations.release.xcconfig"; sourceTree = "<group>"; };
		3B63C92D8E650075E2F7B359 /* Pods_Animations.framework */ = {isa = PBXFileReference; explicitFileType = wrapper.framework; includeInIndex = 0; path = Pods_Animations.framework; sourceTree = BUILT_PRODUCTS_DIR; };
		61823E95A435359BC31F1C84 /* Pods-Animations.debug.xcconfig */ = {isa = PBXFileReference; includeInIndex = 1; lastKnownFileType = text.xcconfig; name = "Pods-Animations.debug.xcconfig"; path = "Target Support Files/Pods-Animations/Pods-Animations.debug.xcconfig"; sourceTree = "<group>"; };
		F842E16425EA97840032CB11 /* Animations.app */ = {isa = PBXFileReference; explicitFileType = wrapper.application; includeInIndex = 0; path = Animations.app; sourceTree = BUILT_PRODUCTS_DIR; };
		F842E16725EA97840032CB11 /* AppDelegate.swift */ = {isa = PBXFileReference; lastKnownFileType = sourcecode.swift; path = AppDelegate.swift; sourceTree = "<group>"; };
		F842E16925EA97840032CB11 /* SceneDelegate.swift */ = {isa = PBXFileReference; lastKnownFileType = sourcecode.swift; path = SceneDelegate.swift; sourceTree = "<group>"; };
		F842E16B25EA97840032CB11 /* ViewController.swift */ = {isa = PBXFileReference; lastKnownFileType = sourcecode.swift; path = ViewController.swift; sourceTree = "<group>"; };
		F842E16E25EA97840032CB11 /* Base */ = {isa = PBXFileReference; lastKnownFileType = file.storyboard; name = Base; path = Base.lproj/Main.storyboard; sourceTree = "<group>"; };
		F842E17025EA97850032CB11 /* Assets.xcassets */ = {isa = PBXFileReference; lastKnownFileType = folder.assetcatalog; path = Assets.xcassets; sourceTree = "<group>"; };
		F842E17325EA97850032CB11 /* Base */ = {isa = PBXFileReference; lastKnownFileType = file.storyboard; name = Base; path = Base.lproj/LaunchScreen.storyboard; sourceTree = "<group>"; };
		F842E17525EA97850032CB11 /* Info.plist */ = {isa = PBXFileReference; lastKnownFileType = text.plist.xml; path = Info.plist; sourceTree = "<group>"; };
		F84B62472A06660700025D76 /* Animation.swift */ = {isa = PBXFileReference; lastKnownFileType = sourcecode.swift; path = Animation.swift; sourceTree = "<group>"; };
		F84B62492A0666DC00025D76 /* DataManager.swift */ = {isa = PBXFileReference; lastKnownFileType = sourcecode.swift; path = DataManager.swift; sourceTree = "<group>"; };
/* End PBXFileReference section */

/* Begin PBXFrameworksBuildPhase section */
		F842E16125EA97840032CB11 /* Frameworks */ = {
			isa = PBXFrameworksBuildPhase;
			buildActionMask = 2147483647;
			files = (
				A118F6A180F04F70A35FDA7F /* Pods_Animations.framework in Frameworks */,
			);
			runOnlyForDeploymentPostprocessing = 0;
		};
/* End PBXFrameworksBuildPhase section */

/* Begin PBXGroup section */
		0DC6EC3BAFF0068EA00A8F26 /* Frameworks */ = {
			isa = PBXGroup;
			children = (
				3B63C92D8E650075E2F7B359 /* Pods_Animations.framework */,
			);
			name = Frameworks;
			sourceTree = "<group>";
		};
		95F1D58B8C31C7C2B23F9A1F /* Pods */ = {
			isa = PBXGroup;
			children = (
				61823E95A435359BC31F1C84 /* Pods-Animations.debug.xcconfig */,
				2F46FCBA0A8235FAB6316BCE /* Pods-Animations.release.xcconfig */,
			);
			path = Pods;
			sourceTree = "<group>";
		};
		F842E15B25EA97840032CB11 = {
			isa = PBXGroup;
			children = (
				F842E16625EA97840032CB11 /* Animations */,
				F842E16525EA97840032CB11 /* Products */,
				95F1D58B8C31C7C2B23F9A1F /* Pods */,
				0DC6EC3BAFF0068EA00A8F26 /* Frameworks */,
			);
			sourceTree = "<group>";
		};
		F842E16525EA97840032CB11 /* Products */ = {
			isa = PBXGroup;
			children = (
				F842E16425EA97840032CB11 /* Animations.app */,
			);
			name = Products;
			sourceTree = "<group>";
		};
		F842E16625EA97840032CB11 /* Animations */ = {
			isa = PBXGroup;
			children = (
				F84B62462A0665F700025D76 /* Model */,
				F84B624B2A066A9000025D76 /* Services */,
				F84B624E2A0694AD00025D76 /* Sourses */,
				F84B624D2A06945500025D76 /* StoryBoards */,
				F84B624F2A0694BF00025D76 /* SupportingFiles */,
				F84B624C2A06944400025D76 /* ViewControllers */,
			);
			path = Animations;
			sourceTree = "<group>";
		};
		F84B62462A0665F700025D76 /* Model */ = {
			isa = PBXGroup;
			children = (
				F84B62472A06660700025D76 /* Animation.swift */,
			);
			path = Model;
			sourceTree = "<group>";
		};
		F84B624B2A066A9000025D76 /* Services */ = {
			isa = PBXGroup;
			children = (
				F84B62492A0666DC00025D76 /* DataManager.swift */,
			);
			name = Services;
			sourceTree = "<group>";
		};
		F84B624C2A06944400025D76 /* ViewControllers */ = {
			isa = PBXGroup;
			children = (
				F842E16B25EA97840032CB11 /* ViewController.swift */,
			);
			name = ViewControllers;
			sourceTree = "<group>";
		};
		F84B624D2A06945500025D76 /* StoryBoards */ = {
			isa = PBXGroup;
			children = (
				F842E16D25EA97840032CB11 /* Main.storyboard */,
				F842E17225EA97850032CB11 /* LaunchScreen.storyboard */,
			);
			path = StoryBoards;
			sourceTree = "<group>";
		};
		F84B624E2A0694AD00025D76 /* Sourses */ = {
			isa = PBXGroup;
			children = (
				F842E17025EA97850032CB11 /* Assets.xcassets */,
			);
			name = Sourses;
			sourceTree = "<group>";
		};
		F84B624F2A0694BF00025D76 /* SupportingFiles */ = {
			isa = PBXGroup;
			children = (
				F842E16725EA97840032CB11 /* AppDelegate.swift */,
				F842E16925EA97840032CB11 /* SceneDelegate.swift */,
				F842E17525EA97850032CB11 /* Info.plist */,
			);
			path = SupportingFiles;
			sourceTree = "<group>";
		};
/* End PBXGroup section */

/* Begin PBXNativeTarget section */
		F842E16325EA97840032CB11 /* Animations */ = {
			isa = PBXNativeTarget;
			buildConfigurationList = F842E17825EA97850032CB11 /* Build configuration list for PBXNativeTarget "Animations" */;
			buildPhases = (
				4CE680266CAE2AF03359C74E /* [CP] Check Pods Manifest.lock */,
				F842E16025EA97840032CB11 /* Sources */,
				F842E16125EA97840032CB11 /* Frameworks */,
				F842E16225EA97840032CB11 /* Resources */,
				16095035C498B6562652DAC3 /* [CP] Embed Pods Frameworks */,
			);
			buildRules = (
			);
			dependencies = (
			);
			name = Animations;
			productName = Animations;
			productReference = F842E16425EA97840032CB11 /* Animations.app */;
			productType = "com.apple.product-type.application";
		};
/* End PBXNativeTarget section */

/* Begin PBXProject section */
		F842E15C25EA97840032CB11 /* Project object */ = {
			isa = PBXProject;
			attributes = {
				LastSwiftUpdateCheck = 1240;
				LastUpgradeCheck = 1240;
				TargetAttributes = {
					F842E16325EA97840032CB11 = {
						CreatedOnToolsVersion = 12.4;
					};
				};
			};
			buildConfigurationList = F842E15F25EA97840032CB11 /* Build configuration list for PBXProject "Animations" */;
			compatibilityVersion = "Xcode 9.3";
			developmentRegion = en;
			hasScannedForEncodings = 0;
			knownRegions = (
				en,
				Base,
			);
			mainGroup = F842E15B25EA97840032CB11;
			productRefGroup = F842E16525EA97840032CB11 /* Products */;
			projectDirPath = "";
			projectRoot = "";
			targets = (
				F842E16325EA97840032CB11 /* Animations */,
			);
		};
/* End PBXProject section */

/* Begin PBXResourcesBuildPhase section */
		F842E16225EA97840032CB11 /* Resources */ = {
			isa = PBXResourcesBuildPhase;
			buildActionMask = 2147483647;
			files = (
				F842E17425EA97850032CB11 /* LaunchScreen.storyboard in Resources */,
				F842E17125EA97850032CB11 /* Assets.xcassets in Resources */,
				F842E16F25EA97840032CB11 /* Main.storyboard in Resources */,
			);
			runOnlyForDeploymentPostprocessing = 0;
		};
/* End PBXResourcesBuildPhase section */

/* Begin PBXShellScriptBuildPhase section */
		16095035C498B6562652DAC3 /* [CP] Embed Pods Frameworks */ = {
			isa = PBXShellScriptBuildPhase;
			buildActionMask = 2147483647;
			files = (
			);
			inputFileListPaths = (
				"${PODS_ROOT}/Target Support Files/Pods-Animations/Pods-Animations-frameworks-${CONFIGURATION}-input-files.xcfilelist",
			);
			name = "[CP] Embed Pods Frameworks";
			outputFileListPaths = (
				"${PODS_ROOT}/Target Support Files/Pods-Animations/Pods-Animations-frameworks-${CONFIGURATION}-output-files.xcfilelist",
			);
			runOnlyForDeploymentPostprocessing = 0;
			shellPath = /bin/sh;
			shellScript = "\"${PODS_ROOT}/Target Support Files/Pods-Animations/Pods-Animations-frameworks.sh\"\n";
			showEnvVarsInLog = 0;
		};
		4CE680266CAE2AF03359C74E /* [CP] Check Pods Manifest.lock */ = {
			isa = PBXShellScriptBuildPhase;
			buildActionMask = 2147483647;
			files = (
			);
			inputFileListPaths = (
			);
			inputPaths = (
				"${PODS_PODFILE_DIR_PATH}/Podfile.lock",
				"${PODS_ROOT}/Manifest.lock",
			);
			name = "[CP] Check Pods Manifest.lock";
			outputFileListPaths = (
			);
			outputPaths = (
				"$(DERIVED_FILE_DIR)/Pods-Animations-checkManifestLockResult.txt",
			);
			runOnlyForDeploymentPostprocessing = 0;
			shellPath = /bin/sh;
			shellScript = "diff \"${PODS_PODFILE_DIR_PATH}/Podfile.lock\" \"${PODS_ROOT}/Manifest.lock\" > /dev/null\nif [ $? != 0 ] ; then\n    # print error to STDERR\n    echo \"error: The sandbox is not in sync with the Podfile.lock. Run 'pod install' or update your CocoaPods installation.\" >&2\n    exit 1\nfi\n# This output is used by Xcode 'outputs' to avoid re-running this script phase.\necho \"SUCCESS\" > \"${SCRIPT_OUTPUT_FILE_0}\"\n";
			showEnvVarsInLog = 0;
		};
/* End PBXShellScriptBuildPhase section */

/* Begin PBXSourcesBuildPhase section */
		F842E16025EA97840032CB11 /* Sources */ = {
			isa = PBXSourcesBuildPhase;
			buildActionMask = 2147483647;
			files = (
				F842E16C25EA97840032CB11 /* ViewController.swift in Sources */,
				F84B624A2A0666DC00025D76 /* DataManager.swift in Sources */,
				F84B62482A06660700025D76 /* Animation.swift in Sources */,
				F842E16825EA97840032CB11 /* AppDelegate.swift in Sources */,
				F842E16A25EA97840032CB11 /* SceneDelegate.swift in Sources */,
			);
			runOnlyForDeploymentPostprocessing = 0;
		};
/* End PBXSourcesBuildPhase section */

/* Begin PBXVariantGroup section */
		F842E16D25EA97840032CB11 /* Main.storyboard */ = {
			isa = PBXVariantGroup;
			children = (
				F842E16E25EA97840032CB11 /* Base */,
			);
			name = Main.storyboard;
			sourceTree = "<group>";
		};
		F842E17225EA97850032CB11 /* LaunchScreen.storyboard */ = {
			isa = PBXVariantGroup;
			children = (
				F842E17325EA97850032CB11 /* Base */,
			);
			name = LaunchScreen.storyboard;
			sourceTree = "<group>";
		};
/* End PBXVariantGroup section */

/* Begin XCBuildConfiguration section */
		F842E17625EA97850032CB11 /* Debug */ = {
			isa = XCBuildConfiguration;
			buildSettings = {
				ALWAYS_SEARCH_USER_PATHS = NO;
				CLANG_ANALYZER_NONNULL = YES;
				CLANG_ANALYZER_NUMBER_OBJECT_CONVERSION = YES_AGGRESSIVE;
				CLANG_CXX_LANGUAGE_STANDARD = "gnu++14";
				CLANG_CXX_LIBRARY = "libc++";
				CLANG_ENABLE_MODULES = YES;
				CLANG_ENABLE_OBJC_ARC = YES;
				CLANG_ENABLE_OBJC_WEAK = YES;
				CLANG_WARN_BLOCK_CAPTURE_AUTORELEASING = YES;
				CLANG_WARN_BOOL_CONVERSION = YES;
				CLANG_WARN_COMMA = YES;
				CLANG_WARN_CONSTANT_CONVERSION = YES;
				CLANG_WARN_DEPRECATED_OBJC_IMPLEMENTATIONS = YES;
				CLANG_WARN_DIRECT_OBJC_ISA_USAGE = YES_ERROR;
				CLANG_WARN_DOCUMENTATION_COMMENTS = YES;
				CLANG_WARN_EMPTY_BODY = YES;
				CLANG_WARN_ENUM_CONVERSION = YES;
				CLANG_WARN_INFINITE_RECURSION = YES;
				CLANG_WARN_INT_CONVERSION = YES;
				CLANG_WARN_NON_LITERAL_NULL_CONVERSION = YES;
				CLANG_WARN_OBJC_IMPLICIT_RETAIN_SELF = YES;
				CLANG_WARN_OBJC_LITERAL_CONVERSION = YES;
				CLANG_WARN_OBJC_ROOT_CLASS = YES_ERROR;
				CLANG_WARN_QUOTED_INCLUDE_IN_FRAMEWORK_HEADER = YES;
				CLANG_WARN_RANGE_LOOP_ANALYSIS = YES;
				CLANG_WARN_STRICT_PROTOTYPES = YES;
				CLANG_WARN_SUSPICIOUS_MOVE = YES;
				CLANG_WARN_UNGUARDED_AVAILABILITY = YES_AGGRESSIVE;
				CLANG_WARN_UNREACHABLE_CODE = YES;
				CLANG_WARN__DUPLICATE_METHOD_MATCH = YES;
				COPY_PHASE_STRIP = NO;
				DEBUG_INFORMATION_FORMAT = dwarf;
				ENABLE_STRICT_OBJC_MSGSEND = YES;
				ENABLE_TESTABILITY = YES;
				GCC_C_LANGUAGE_STANDARD = gnu11;
				GCC_DYNAMIC_NO_PIC = NO;
				GCC_NO_COMMON_BLOCKS = YES;
				GCC_OPTIMIZATION_LEVEL = 0;
				GCC_PREPROCESSOR_DEFINITIONS = (
					"DEBUG=1",
					"$(inherited)",
				);
				GCC_WARN_64_TO_32_BIT_CONVERSION = YES;
				GCC_WARN_ABOUT_RETURN_TYPE = YES_ERROR;
				GCC_WARN_UNDECLARED_SELECTOR = YES;
				GCC_WARN_UNINITIALIZED_AUTOS = YES_AGGRESSIVE;
				GCC_WARN_UNUSED_FUNCTION = YES;
				GCC_WARN_UNUSED_VARIABLE = YES;
				IPHONEOS_DEPLOYMENT_TARGET = 14.4;
				MTL_ENABLE_DEBUG_INFO = INCLUDE_SOURCE;
				MTL_FAST_MATH = YES;
				ONLY_ACTIVE_ARCH = YES;
				SDKROOT = iphoneos;
				SWIFT_ACTIVE_COMPILATION_CONDITIONS = DEBUG;
				SWIFT_OPTIMIZATION_LEVEL = "-Onone";
			};
			name = Debug;
		};
		F842E17725EA97850032CB11 /* Release */ = {
			isa = XCBuildConfiguration;
			buildSettings = {
				ALWAYS_SEARCH_USER_PATHS = NO;
				CLANG_ANALYZER_NONNULL = YES;
				CLANG_ANALYZER_NUMBER_OBJECT_CONVERSION = YES_AGGRESSIVE;
				CLANG_CXX_LANGUAGE_STANDARD = "gnu++14";
				CLANG_CXX_LIBRARY = "libc++";
				CLANG_ENABLE_MODULES = YES;
				CLANG_ENABLE_OBJC_ARC = YES;
				CLANG_ENABLE_OBJC_WEAK = YES;
				CLANG_WARN_BLOCK_CAPTURE_AUTORELEASING = YES;
				CLANG_WARN_BOOL_CONVERSION = YES;
				CLANG_WARN_COMMA = YES;
				CLANG_WARN_CONSTANT_CONVERSION = YES;
				CLANG_WARN_DEPRECATED_OBJC_IMPLEMENTATIONS = YES;
				CLANG_WARN_DIRECT_OBJC_ISA_USAGE = YES_ERROR;
				CLANG_WARN_DOCUMENTATION_COMMENTS = YES;
				CLANG_WARN_EMPTY_BODY = YES;
				CLANG_WARN_ENUM_CONVERSION = YES;
				CLANG_WARN_INFINITE_RECURSION = YES;
				CLANG_WARN_INT_CONVERSION = YES;
				CLANG_WARN_NON_LITERAL_NULL_CONVERSION = YES;
				CLANG_WARN_OBJC_IMPLICIT_RETAIN_SELF = YES;
				CLANG_WARN_OBJC_LITERAL_CONVERSION = YES;
				CLANG_WARN_OBJC_ROOT_CLASS = YES_ERROR;
				CLANG_WARN_QUOTED_INCLUDE_IN_FRAMEWORK_HEADER = YES;
				CLANG_WARN_RANGE_LOOP_ANALYSIS = YES;
				CLANG_WARN_STRICT_PROTOTYPES = YES;
				CLANG_WARN_SUSPICIOUS_MOVE = YES;
				CLANG_WARN_UNGUARDED_AVAILABILITY = YES_AGGRESSIVE;
				CLANG_WARN_UNREACHABLE_CODE = YES;
				CLANG_WARN__DUPLICATE_METHOD_MATCH = YES;
				COPY_PHASE_STRIP = NO;
				DEBUG_INFORMATION_FORMAT = "dwarf-with-dsym";
				ENABLE_NS_ASSERTIONS = NO;
				ENABLE_STRICT_OBJC_MSGSEND = YES;
				GCC_C_LANGUAGE_STANDARD = gnu11;
				GCC_NO_COMMON_BLOCKS = YES;
				GCC_WARN_64_TO_32_BIT_CONVERSION = YES;
				GCC_WARN_ABOUT_RETURN_TYPE = YES_ERROR;
				GCC_WARN_UNDECLARED_SELECTOR = YES;
				GCC_WARN_UNINITIALIZED_AUTOS = YES_AGGRESSIVE;
				GCC_WARN_UNUSED_FUNCTION = YES;
				GCC_WARN_UNUSED_VARIABLE = YES;
				IPHONEOS_DEPLOYMENT_TARGET = 14.4;
				MTL_ENABLE_DEBUG_INFO = NO;
				MTL_FAST_MATH = YES;
				SDKROOT = iphoneos;
				SWIFT_COMPILATION_MODE = wholemodule;
				SWIFT_OPTIMIZATION_LEVEL = "-O";
				VALIDATE_PRODUCT = YES;
			};
			name = Release;
		};
		F842E17925EA97850032CB11 /* Debug */ = {
			isa = XCBuildConfiguration;
			baseConfigurationReference = 61823E95A435359BC31F1C84 /* Pods-Animations.debug.xcconfig */;
			buildSettings = {
				ASSETCATALOG_COMPILER_APPICON_NAME = AppIcon;
				ASSETCATALOG_COMPILER_GLOBAL_ACCENT_COLOR_NAME = AccentColor;
				CODE_SIGN_STYLE = Automatic;
				DEVELOPMENT_TEAM = 69V683996A;
				INFOPLIST_FILE = Animations/SupportingFiles/Info.plist;
				IPHONEOS_DEPLOYMENT_TARGET = 13.0;
				LD_RUNPATH_SEARCH_PATHS = (
					"$(inherited)",
					"@executable_path/Frameworks",
				);
				PRODUCT_BUNDLE_IDENTIFIER = My.Animations;
				PRODUCT_NAME = "$(TARGET_NAME)";
				SWIFT_VERSION = 5.0;
				TARGETED_DEVICE_FAMILY = 1;
			};
			name = Debug;
		};
		F842E17A25EA97850032CB11 /* Release */ = {
			isa = XCBuildConfiguration;
			baseConfigurationReference = 2F46FCBA0A8235FAB6316BCE /* Pods-Animations.release.xcconfig */;
			buildSettings = {
				ASSETCATALOG_COMPILER_APPICON_NAME = AppIcon;
				ASSETCATALOG_COMPILER_GLOBAL_ACCENT_COLOR_NAME = AccentColor;
				CODE_SIGN_STYLE = Automatic;
				DEVELOPMENT_TEAM = 69V683996A;
				INFOPLIST_FILE = Animations/SupportingFiles/Info.plist;
				IPHONEOS_DEPLOYMENT_TARGET = 13.0;
				LD_RUNPATH_SEARCH_PATHS = (
					"$(inherited)",
					"@executable_path/Frameworks",
				);
				PRODUCT_BUNDLE_IDENTIFIER = My.Animations;
				PRODUCT_NAME = "$(TARGET_NAME)";
				SWIFT_VERSION = 5.0;
				TARGETED_DEVICE_FAMILY = 1;
			};
			name = Release;
		};
/* End XCBuildConfiguration section */

/* Begin XCConfigurationList section */
		F842E15F25EA97840032CB11 /* Build configuration list for PBXProject "Animations" */ = {
			isa = XCConfigurationList;
			buildConfigurations = (
				F842E17625EA97850032CB11 /* Debug */,
				F842E17725EA97850032CB11 /* Release */,
			);
			defaultConfigurationIsVisible = 0;
			defaultConfigurationName = Release;
		};
		F842E17825EA97850032CB11 /* Build configuration list for PBXNativeTarget "Animations" */ = {
			isa = XCConfigurationList;
			buildConfigurations = (
				F842E17925EA97850032CB11 /* Debug */,
				F842E17A25EA97850032CB11 /* Release */,
			);
			defaultConfigurationIsVisible = 0;
			defaultConfigurationName = Release;
		};
/* End XCConfigurationList section */
	};
	rootObject = F842E15C25EA97840032CB11 /* Project object */;
}
